// !$*UTF8*$!
{
	archiveVersion = 1;
	classes = {
	};
	objectVersion = 56;
	objects = {

/* Begin PBXBuildFile section */
		F5B09E5629856919003CD5A0 /* Constants.swift in Sources */ = {isa = PBXBuildFile; fileRef = F5B09E5529856919003CD5A0 /* Constants.swift */; };
		F5B09E5829856B55003CD5A0 /* TheDiceAppBrain.swift in Sources */ = {isa = PBXBuildFile; fileRef = F5B09E5729856B55003CD5A0 /* TheDiceAppBrain.swift */; };
		F5C65614298430BF00FACD8E /* AppDelegate.swift in Sources */ = {isa = PBXBuildFile; fileRef = F5C65613298430BF00FACD8E /* AppDelegate.swift */; };
		F5C65616298430BF00FACD8E /* SceneDelegate.swift in Sources */ = {isa = PBXBuildFile; fileRef = F5C65615298430BF00FACD8E /* SceneDelegate.swift */; };
		F5C65618298430BF00FACD8E /* DiceViewController.swift in Sources */ = {isa = PBXBuildFile; fileRef = F5C65617298430BF00FACD8E /* DiceViewController.swift */; };
		F5C6561B298430BF00FACD8E /* Main.storyboard in Resources */ = {isa = PBXBuildFile; fileRef = F5C65619298430BF00FACD8E /* Main.storyboard */; };
		F5C6561D298430C000FACD8E /* Assets.xcassets in Resources */ = {isa = PBXBuildFile; fileRef = F5C6561C298430C000FACD8E /* Assets.xcassets */; };
		F5C65620298430C000FACD8E /* LaunchScreen.storyboard in Resources */ = {isa = PBXBuildFile; fileRef = F5C6561E298430C000FACD8E /* LaunchScreen.storyboard */; };
/* End PBXBuildFile section */

/* Begin PBXFileReference section */
		F5B09E5529856919003CD5A0 /* Constants.swift */ = {isa = PBXFileReference; lastKnownFileType = sourcecode.swift; path = Constants.swift; sourceTree = "<group>"; };
		F5B09E5729856B55003CD5A0 /* TheDiceAppBrain.swift */ = {isa = PBXFileReference; lastKnownFileType = sourcecode.swift; path = TheDiceAppBrain.swift; sourceTree = "<group>"; };
		F5C65610298430BF00FACD8E /* TheDiceApp.app */ = {isa = PBXFileReference; explicitFileType = wrapper.application; includeInIndex = 0; path = TheDiceApp.app; sourceTree = BUILT_PRODUCTS_DIR; };
		F5C65613298430BF00FACD8E /* AppDelegate.swift */ = {isa = PBXFileReference; lastKnownFileType = sourcecode.swift; path = AppDelegate.swift; sourceTree = "<group>"; };
		F5C65615298430BF00FACD8E /* SceneDelegate.swift */ = {isa = PBXFileReference; lastKnownFileType = sourcecode.swift; path = SceneDelegate.swift; sourceTree = "<group>"; };
		F5C65617298430BF00FACD8E /* DiceViewController.swift */ = {isa = PBXFileReference; lastKnownFileType = sourcecode.swift; path = DiceViewController.swift; sourceTree = "<group>"; };
		F5C6561A298430BF00FACD8E /* Base */ = {isa = PBXFileReference; lastKnownFileType = file.storyboard; name = Base; path = Base.lproj/Main.storyboard; sourceTree = "<group>"; };
		F5C6561C298430C000FACD8E /* Assets.xcassets */ = {isa = PBXFileReference; lastKnownFileType = folder.assetcatalog; path = Assets.xcassets; sourceTree = "<group>"; };
		F5C6561F298430C000FACD8E /* Base */ = {isa = PBXFileReference; lastKnownFileType = file.storyboard; name = Base; path = Base.lproj/LaunchScreen.storyboard; sourceTree = "<group>"; };
		F5C65621298430C000FACD8E /* Info.plist */ = {isa = PBXFileReference; lastKnownFileType = text.plist.xml; path = Info.plist; sourceTree = "<group>"; };
/* End PBXFileReference section */

/* Begin PBXFrameworksBuildPhase section */
		F5C6560D298430BF00FACD8E /* Frameworks */ = {
			isa = PBXFrameworksBuildPhase;
			buildActionMask = 2147483647;
			files = (
			);
			runOnlyForDeploymentPostprocessing = 0;
		};
/* End PBXFrameworksBuildPhase section */

/* Begin PBXGroup section */
		F53AA45C2984FB8400AE201F /* Controller */ = {
			isa = PBXGroup;
			children = (
				F5C65617298430BF00FACD8E /* DiceViewController.swift */,
			);
			path = Controller;
			sourceTree = "<group>";
		};
		F53AA45D2984FB9000AE201F /* View */ = {
			isa = PBXGroup;
			children = (
				F5C65619298430BF00FACD8E /* Main.storyboard */,
				F5C6561E298430C000FACD8E /* LaunchScreen.storyboard */,
			);
			path = View;
			sourceTree = "<group>";
		};
		F53AA45E2984FB9700AE201F /* Model */ = {
			isa = PBXGroup;
			children = (
				F5B09E5529856919003CD5A0 /* Constants.swift */,
				F5B09E5729856B55003CD5A0 /* TheDiceAppBrain.swift */,
			);
			path = Model;
			sourceTree = "<group>";
		};
		F53AA45F2984FBB500AE201F /* App&SceneDelegate */ = {
			isa = PBXGroup;
			children = (
				F5C65613298430BF00FACD8E /* AppDelegate.swift */,
				F5C65615298430BF00FACD8E /* SceneDelegate.swift */,
			);
			path = "App&SceneDelegate";
			sourceTree = "<group>";
		};
		F5C65607298430BF00FACD8E = {
			isa = PBXGroup;
			children = (
				F5C65612298430BF00FACD8E /* TheDiceApp */,
				F5C65611298430BF00FACD8E /* Products */,
			);
			sourceTree = "<group>";
		};
		F5C65611298430BF00FACD8E /* Products */ = {
			isa = PBXGroup;
			children = (
				F5C65610298430BF00FACD8E /* TheDiceApp.app */,
			);
			name = Products;
			sourceTree = "<group>";
		};
		F5C65612298430BF00FACD8E /* TheDiceApp */ = {
			isa = PBXGroup;
			children = (
				F53AA45F2984FBB500AE201F /* App&SceneDelegate */,
				F53AA45E2984FB9700AE201F /* Model */,
				F53AA45D2984FB9000AE201F /* View */,
				F53AA45C2984FB8400AE201F /* Controller */,
				F5C6561C298430C000FACD8E /* Assets.xcassets */,
				F5C65621298430C000FACD8E /* Info.plist */,
			);
			path = TheDiceApp;
			sourceTree = "<group>";
		};
/* End PBXGroup section */

/* Begin PBXNativeTarget section */
		F5C6560F298430BF00FACD8E /* TheDiceApp */ = {
			isa = PBXNativeTarget;
			buildConfigurationList = F5C65624298430C000FACD8E /* Build configuration list for PBXNativeTarget "TheDiceApp" */;
			buildPhases = (
				F5C6560C298430BF00FACD8E /* Sources */,
				F5C6560D298430BF00FACD8E /* Frameworks */,
				F5C6560E298430BF00FACD8E /* Resources */,
			);
			buildRules = (
			);
			dependencies = (
			);
			name = TheDiceApp;
			productName = TheDiceApp;
			productReference = F5C65610298430BF00FACD8E /* TheDiceApp.app */;
			productType = "com.apple.product-type.application";
		};
/* End PBXNativeTarget section */

/* Begin PBXProject section */
		F5C65608298430BF00FACD8E /* Project object */ = {
			isa = PBXProject;
			attributes = {
				BuildIndependentTargetsInParallel = 1;
				LastSwiftUpdateCheck = 1420;
				LastUpgradeCheck = 1420;
				TargetAttributes = {
					F5C6560F298430BF00FACD8E = {
						CreatedOnToolsVersion = 14.2;
					};
				};
			};
			buildConfigurationList = F5C6560B298430BF00FACD8E /* Build configuration list for PBXProject "TheDiceApp" */;
			compatibilityVersion = "Xcode 14.0";
			developmentRegion = en;
			hasScannedForEncodings = 0;
			knownRegions = (
				en,
				Base,
			);
			mainGroup = F5C65607298430BF00FACD8E;
			productRefGroup = F5C65611298430BF00FACD8E /* Products */;
			projectDirPath = "";
			projectRoot = "";
			targets = (
				F5C6560F298430BF00FACD8E /* TheDiceApp */,
			);
		};
/* End PBXProject section */

/* Begin PBXResourcesBuildPhase section */
		F5C6560E298430BF00FACD8E /* Resources */ = {
			isa = PBXResourcesBuildPhase;
			buildActionMask = 2147483647;
			files = (
				F5C65620298430C000FACD8E /* LaunchScreen.storyboard in Resources */,
				F5C6561D298430C000FACD8E /* Assets.xcassets in Resources */,
				F5C6561B298430BF00FACD8E /* Main.storyboard in Resources */,
			);
			runOnlyForDeploymentPostprocessing = 0;
		};
/* End PBXResourcesBuildPhase section */

/* Begin PBXSourcesBuildPhase section */
		F5C6560C298430BF00FACD8E /* Sources */ = {
			isa = PBXSourcesBuildPhase;
			buildActionMask = 2147483647;
			files = (
				F5C65618298430BF00FACD8E /* DiceViewController.swift in Sources */,
				F5C65614298430BF00FACD8E /* AppDelegate.swift in Sources */,
				F5B09E5829856B55003CD5A0 /* TheDiceAppBrain.swift in Sources */,
				F5C65616298430BF00FACD8E /* SceneDelegate.swift in Sources */,
				F5B09E5629856919003CD5A0 /* Constants.swift in Sources */,
			);
			runOnlyForDeploymentPostprocessing = 0;
		};
/* End PBXSourcesBuildPhase section */

/* Begin PBXVariantGroup section */
		F5C65619298430BF00FACD8E /* Main.storyboard */ = {
			isa = PBXVariantGroup;
			children = (
				F5C6561A298430BF00FACD8E /* Base */,
			);
			name = Main.storyboard;
			sourceTree = "<group>";
		};
		F5C6561E298430C000FACD8E /* LaunchScreen.storyboard */ = {
			isa = PBXVariantGroup;
			children = (
				F5C6561F298430C000FACD8E /* Base */,
			);
			name = LaunchScreen.storyboard;
			sourceTree = "<group>";
		};
/* End PBXVariantGroup section */

/* Begin XCBuildConfiguration section */
		F5C65622298430C000FACD8E /* Debug */ = {
			isa = XCBuildConfiguration;
			buildSettings = {
				ALWAYS_SEARCH_USER_PATHS = NO;
				CLANG_ANALYZER_NONNULL = YES;
				CLANG_ANALYZER_NUMBER_OBJECT_CONVERSION = YES_AGGRESSIVE;
				CLANG_CXX_LANGUAGE_STANDARD = "gnu++20";
				CLANG_ENABLE_MODULES = YES;
				CLANG_ENABLE_OBJC_ARC = YES;
				CLANG_ENABLE_OBJC_WEAK = YES;
				CLANG_WARN_BLOCK_CAPTURE_AUTORELEASING = YES;
				CLANG_WARN_BOOL_CONVERSION = YES;
				CLANG_WARN_COMMA = YES;
				CLANG_WARN_CONSTANT_CONVERSION = YES;
				CLANG_WARN_DEPRECATED_OBJC_IMPLEMENTATIONS = YES;
				CLANG_WARN_DIRECT_OBJC_ISA_USAGE = YES_ERROR;
				CLANG_WARN_DOCUMENTATION_COMMENTS = YES;
				CLANG_WARN_EMPTY_BODY = YES;
				CLANG_WARN_ENUM_CONVERSION = YES;
				CLANG_WARN_INFINITE_RECURSION = YES;
				CLANG_WARN_INT_CONVERSION = YES;
				CLANG_WARN_NON_LITERAL_NULL_CONVERSION = YES;
				CLANG_WARN_OBJC_IMPLICIT_RETAIN_SELF = YES;
				CLANG_WARN_OBJC_LITERAL_CONVERSION = YES;
				CLANG_WARN_OBJC_ROOT_CLASS = YES_ERROR;
				CLANG_WARN_QUOTED_INCLUDE_IN_FRAMEWORK_HEADER = YES;
				CLANG_WARN_RANGE_LOOP_ANALYSIS = YES;
				CLANG_WARN_STRICT_PROTOTYPES = YES;
				CLANG_WARN_SUSPICIOUS_MOVE = YES;
				CLANG_WARN_UNGUARDED_AVAILABILITY = YES_AGGRESSIVE;
				CLANG_WARN_UNREACHABLE_CODE = YES;
				CLANG_WARN__DUPLICATE_METHOD_MATCH = YES;
				COPY_PHASE_STRIP = NO;
				DEBUG_INFORMATION_FORMAT = dwarf;
				ENABLE_STRICT_OBJC_MSGSEND = YES;
				ENABLE_TESTABILITY = YES;
				GCC_C_LANGUAGE_STANDARD = gnu11;
				GCC_DYNAMIC_NO_PIC = NO;
				GCC_NO_COMMON_BLOCKS = YES;
				GCC_OPTIMIZATION_LEVEL = 0;
				GCC_PREPROCESSOR_DEFINITIONS = (
					"DEBUG=1",
					"$(inherited)",
				);
				GCC_WARN_64_TO_32_BIT_CONVERSION = YES;
				GCC_WARN_ABOUT_RETURN_TYPE = YES_ERROR;
				GCC_WARN_UNDECLARED_SELECTOR = YES;
				GCC_WARN_UNINITIALIZED_AUTOS = YES_AGGRESSIVE;
				GCC_WARN_UNUSED_FUNCTION = YES;
				GCC_WARN_UNUSED_VARIABLE = YES;
				IPHONEOS_DEPLOYMENT_TARGET = 16.2;
				MTL_ENABLE_DEBUG_INFO = INCLUDE_SOURCE;
				MTL_FAST_MATH = YES;
				ONLY_ACTIVE_ARCH = YES;
				SDKROOT = iphoneos;
				SWIFT_ACTIVE_COMPILATION_CONDITIONS = DEBUG;
				SWIFT_OPTIMIZATION_LEVEL = "-Onone";
			};
			name = Debug;
		};
		F5C65623298430C000FACD8E /* Release */ = {
			isa = XCBuildConfiguration;
			buildSettings = {
				ALWAYS_SEARCH_USER_PATHS = NO;
				CLANG_ANALYZER_NONNULL = YES;
				CLANG_ANALYZER_NUMBER_OBJECT_CONVERSION = YES_AGGRESSIVE;
				CLANG_CXX_LANGUAGE_STANDARD = "gnu++20";
				CLANG_ENABLE_MODULES = YES;
				CLANG_ENABLE_OBJC_ARC = YES;
				CLANG_ENABLE_OBJC_WEAK = YES;
				CLANG_WARN_BLOCK_CAPTURE_AUTORELEASING = YES;
				CLANG_WARN_BOOL_CONVERSION = YES;
				CLANG_WARN_COMMA = YES;
				CLANG_WARN_CONSTANT_CONVERSION = YES;
				CLANG_WARN_DEPRECATED_OBJC_IMPLEMENTATIONS = YES;
				CLANG_WARN_DIRECT_OBJC_ISA_USAGE = YES_ERROR;
				CLANG_WARN_DOCUMENTATION_COMMENTS = YES;
				CLANG_WARN_EMPTY_BODY = YES;
				CLANG_WARN_ENUM_CONVERSION = YES;
				CLANG_WARN_INFINITE_RECURSION = YES;
				CLANG_WARN_INT_CONVERSION = YES;
				CLANG_WARN_NON_LITERAL_NULL_CONVERSION = YES;
				CLANG_WARN_OBJC_IMPLICIT_RETAIN_SELF = YES;
				CLANG_WARN_OBJC_LITERAL_CONVERSION = YES;
				CLANG_WARN_OBJC_ROOT_CLASS = YES_ERROR;
				CLANG_WARN_QUOTED_INCLUDE_IN_FRAMEWORK_HEADER = YES;
				CLANG_WARN_RANGE_LOOP_ANALYSIS = YES;
				CLANG_WARN_STRICT_PROTOTYPES = YES;
				CLANG_WARN_SUSPICIOUS_MOVE = YES;
				CLANG_WARN_UNGUARDED_AVAILABILITY = YES_AGGRESSIVE;
				CLANG_WARN_UNREACHABLE_CODE = YES;
				CLANG_WARN__DUPLICATE_METHOD_MATCH = YES;
				COPY_PHASE_STRIP = NO;
				DEBUG_INFORMATION_FORMAT = "dwarf-with-dsym";
				ENABLE_NS_ASSERTIONS = NO;
				ENABLE_STRICT_OBJC_MSGSEND = YES;
				GCC_C_LANGUAGE_STANDARD = gnu11;
				GCC_NO_COMMON_BLOCKS = YES;
				GCC_WARN_64_TO_32_BIT_CONVERSION = YES;
				GCC_WARN_ABOUT_RETURN_TYPE = YES_ERROR;
				GCC_WARN_UNDECLARED_SELECTOR = YES;
				GCC_WARN_UNINITIALIZED_AUTOS = YES_AGGRESSIVE;
				GCC_WARN_UNUSED_FUNCTION = YES;
				GCC_WARN_UNUSED_VARIABLE = YES;
				IPHONEOS_DEPLOYMENT_TARGET = 16.2;
				MTL_ENABLE_DEBUG_INFO = NO;
				MTL_FAST_MATH = YES;
				SDKROOT = iphoneos;
				SWIFT_COMPILATION_MODE = wholemodule;
				SWIFT_OPTIMIZATION_LEVEL = "-O";
				VALIDATE_PRODUCT = YES;
			};
			name = Release;
		};
		F5C65625298430C000FACD8E /* Debug */ = {
			isa = XCBuildConfiguration;
			buildSettings = {
				ASSETCATALOG_COMPILER_APPICON_NAME = AppIcon;
				ASSETCATALOG_COMPILER_GLOBAL_ACCENT_COLOR_NAME = AccentColor;
				CODE_SIGN_STYLE = Automatic;
				CURRENT_PROJECT_VERSION = 1;
				DEVELOPMENT_TEAM = 59SJ7JX34R;
				GENERATE_INFOPLIST_FILE = YES;
				INFOPLIST_FILE = TheDiceApp/Info.plist;
				INFOPLIST_KEY_UIApplicationSupportsIndirectInputEvents = YES;
				INFOPLIST_KEY_UILaunchStoryboardName = LaunchScreen;
				INFOPLIST_KEY_UIMainStoryboardFile = Main;
				INFOPLIST_KEY_UISupportedInterfaceOrientations_iPad = "UIInterfaceOrientationPortrait UIInterfaceOrientationPortraitUpsideDown UIInterfaceOrientationLandscapeLeft UIInterfaceOrientationLandscapeRight";
				INFOPLIST_KEY_UISupportedInterfaceOrientations_iPhone = "UIInterfaceOrientationPortrait UIInterfaceOrientationLandscapeLeft UIInterfaceOrientationLandscapeRight";
				LD_RUNPATH_SEARCH_PATHS = (
					"$(inherited)",
					"@executable_path/Frameworks",
				);
				MARKETING_VERSION = 1.0;
				PRODUCT_BUNDLE_IDENTIFIER = com.wyne.TheDiceApp;
				PRODUCT_NAME = "$(TARGET_NAME)";
				SWIFT_EMIT_LOC_STRINGS = YES;
				SWIFT_VERSION = 5.0;
				TARGETED_DEVICE_FAMILY = "1,2";
			};
			name = Debug;
		};
		F5C65626298430C000FACD8E /* Release */ = {
			isa = XCBuildConfiguration;
			buildSettings = {
				ASSETCATALOG_COMPILER_APPICON_NAME = AppIcon;
				ASSETCATALOG_COMPILER_GLOBAL_ACCENT_COLOR_NAME = AccentColor;
				CODE_SIGN_STYLE = Automatic;
				CURRENT_PROJECT_VERSION = 1;
				DEVELOPMENT_TEAM = 59SJ7JX34R;
				GENERATE_INFOPLIST_FILE = YES;
				INFOPLIST_FILE = TheDiceApp/Info.plist;
				INFOPLIST_KEY_UIApplicationSupportsIndirectInputEvents = YES;
				INFOPLIST_KEY_UILaunchStoryboardName = LaunchScreen;
				INFOPLIST_KEY_UIMainStoryboardFile = Main;
				INFOPLIST_KEY_UISupportedInterfaceOrientations_iPad = "UIInterfaceOrientationPortrait UIInterfaceOrientationPortraitUpsideDown UIInterfaceOrientationLandscapeLeft UIInterfaceOrientationLandscapeRight";
				INFOPLIST_KEY_UISupportedInterfaceOrientations_iPhone = "UIInterfaceOrientationPortrait UIInterfaceOrientationLandscapeLeft UIInterfaceOrientationLandscapeRight";
				LD_RUNPATH_SEARCH_PATHS = (
					"$(inherited)",
					"@executable_path/Frameworks",
				);
				MARKETING_VERSION = 1.0;
				PRODUCT_BUNDLE_IDENTIFIER = com.wyne.TheDiceApp;
				PRODUCT_NAME = "$(TARGET_NAME)";
				SWIFT_EMIT_LOC_STRINGS = YES;
				SWIFT_VERSION = 5.0;
				TARGETED_DEVICE_FAMILY = "1,2";
			};
			name = Release;
		};
/* End XCBuildConfiguration section */

/* Begin XCConfigurationList section */
		F5C6560B298430BF00FACD8E /* Build configuration list for PBXProject "TheDiceApp" */ = {
			isa = XCConfigurationList;
			buildConfigurations = (
				F5C65622298430C000FACD8E /* Debug */,
				F5C65623298430C000FACD8E /* Release */,
			);
			defaultConfigurationIsVisible = 0;
			defaultConfigurationName = Release;
		};
		F5C65624298430C000FACD8E /* Build configuration list for PBXNativeTarget "TheDiceApp" */ = {
			isa = XCConfigurationList;
			buildConfigurations = (
				F5C65625298430C000FACD8E /* Debug */,
				F5C65626298430C000FACD8E /* Release */,
			);
			defaultConfigurationIsVisible = 0;
			defaultConfigurationName = Release;
		};
/* End XCConfigurationList section */
	};
	rootObject = F5C65608298430BF00FACD8E /* Project object */;
}
